
Microsoft Visual Studio Solution File, Format Version 12.00
# Visual Studio Version 17
VisualStudioVersion = 17.3.32901.215
MinimumVisualStudioVersion = 10.0.40219.1
Project("{8BC9CEB8-8B4A-11D0-8D11-00A0C91BC942}") = "汇编伪代码", "汇编伪代码\汇编伪代码.vcxproj", "{442BF215-D54F-4EBA-93D0-A47BFF21532A}"
EndProject
Global
	GlobalSection(SolutionConfigurationPlatforms) = preSolution
		Debug|x64 = Debug|x64
		Debug|x86 = Debug|x86
		Release|x64 = Release|x64
		Release|x86 = Release|x86
	EndGlobalSection
	GlobalSection(ProjectConfigurationPlatforms) = postSolution
		{442BF215-D54F-4EBA-93D0-A47BFF21532A}.Debug|x64.ActiveCfg = Debug|x64
		{442BF215-D54F-4EBA-93D0-A47BFF21532A}.Debug|x64.Build.0 = Debug|x64
		{442BF215-D54F-4EBA-93D0-A47BFF21532A}.Debug|x86.ActiveCfg = Debug|Win32
		{442BF215-D54F-4EBA-93D0-A47BFF21532A}.Debug|x86.Build.0 = Debug|Win32
		{442BF215-D54F-4EBA-93D0-A47BFF21532A}.Release|x64.ActiveCfg = Release|x64
		{442BF215-D54F-4EBA-93D0-A47BFF21532A}.Release|x64.Build.0 = Release|x64
		{442BF215-D54F-4EBA-93D0-A47BFF21532A}.Release|x86.ActiveCfg = Release|Win32
		{442BF215-D54F-4EBA-93D0-A47BFF21532A}.Release|x86.Build.0 = Release|Win32
	EndGlobalSection
	GlobalSection(SolutionProperties) = preSolution
		HideSolutionNode = FALSE
	EndGlobalSection
	GlobalSection(ExtensibilityGlobals) = postSolution
		SolutionGuid = {5783B9FA-54D4-4A93-A869-E3B83A1C33A1}
	EndGlobalSection
EndGlobal
